
Microsoft Visual Studio Solution File, Format Version 12.00
# Visual Studio 15
VisualStudioVersion = 15.0.28306.52
MinimumVisualStudioVersion = 10.0.40219.1
Project("{FAE04EC0-301F-11D3-BF4B-00C04F79EFBC}") = "MeasureShipFuel.Android", "MeasureShipFuel\MeasureShipFuel.Android\MeasureShipFuel.Android.csproj", "{F701E04A-07FC-4817-84B7-15CE83CDE26D}"
EndProject
Project("{FAE04EC0-301F-11D3-BF4B-00C04F79EFBC}") = "MeasureShipFuel.iOS", "MeasureShipFuel\MeasureShipFuel.iOS\MeasureShipFuel.iOS.csproj", "{CD1B727F-5664-48B1-95F1-5419345BFF9C}"
EndProject
Project("{FAE04EC0-301F-11D3-BF4B-00C04F79EFBC}") = "MeasureShipFuel.UWP", "MeasureShipFuel\MeasureShipFuel.UWP\MeasureShipFuel.UWP.csproj", "{8B65F5C2-28D6-4027-9806-2AF2A529D3F5}"
EndProject
Project("{FAE04EC0-301F-11D3-BF4B-00C04F79EFBC}") = "MeasureShipFuel", "MeasureShipFuel\MeasureShipFuel\MeasureShipFuel.csproj", "{76A9C97E-3792-40B5-9744-E76B46EB4803}"
EndProject
Global
	GlobalSection(SolutionConfigurationPlatforms) = preSolution
		Ad-Hoc|Any CPU = Ad-Hoc|Any CPU
		Ad-Hoc|ARM = Ad-Hoc|ARM
		Ad-Hoc|iPhone = Ad-Hoc|iPhone
		Ad-Hoc|iPhoneSimulator = Ad-Hoc|iPhoneSimulator
		Ad-Hoc|x64 = Ad-Hoc|x64
		Ad-Hoc|x86 = Ad-Hoc|x86
		AppStore|Any CPU = AppStore|Any CPU
		AppStore|ARM = AppStore|ARM
		AppStore|iPhone = AppStore|iPhone
		AppStore|iPhoneSimulator = AppStore|iPhoneSimulator
		AppStore|x64 = AppStore|x64
		AppStore|x86 = AppStore|x86
		Debug|Any CPU = Debug|Any CPU
		Debug|ARM = Debug|ARM
		Debug|iPhone = Debug|iPhone
		Debug|iPhoneSimulator = Debug|iPhoneSimulator
		Debug|x64 = Debug|x64
		Debug|x86 = Debug|x86
		Release|Any CPU = Release|Any CPU
		Release|ARM = Release|ARM
		Release|iPhone = Release|iPhone
		Release|iPhoneSimulator = Release|iPhoneSimulator
		Release|x64 = Release|x64
		Release|x86 = Release|x86
	EndGlobalSection
	GlobalSection(ProjectConfigurationPlatforms) = postSolution
		{F701E04A-07FC-4817-84B7-15CE83CDE26D}.Ad-Hoc|Any CPU.ActiveCfg = Release|Any CPU
		{F701E04A-07FC-4817-84B7-15CE83CDE26D}.Ad-Hoc|Any CPU.Build.0 = Release|Any CPU
		{F701E04A-07FC-4817-84B7-15CE83CDE26D}.Ad-Hoc|Any CPU.Deploy.0 = Release|Any CPU
		{F701E04A-07FC-4817-84B7-15CE83CDE26D}.Ad-Hoc|ARM.ActiveCfg = Release|Any CPU
		{F701E04A-07FC-4817-84B7-15CE83CDE26D}.Ad-Hoc|ARM.Build.0 = Release|Any CPU
		{F701E04A-07FC-4817-84B7-15CE83CDE26D}.Ad-Hoc|ARM.Deploy.0 = Release|Any CPU
		{F701E04A-07FC-4817-84B7-15CE83CDE26D}.Ad-Hoc|iPhone.ActiveCfg = Release|Any CPU
		{F701E04A-07FC-4817-84B7-15CE83CDE26D}.Ad-Hoc|iPhone.Build.0 = Release|Any CPU
		{F701E04A-07FC-4817-84B7-15CE83CDE26D}.Ad-Hoc|iPhone.Deploy.0 = Release|Any CPU
		{F701E04A-07FC-4817-84B7-15CE83CDE26D}.Ad-Hoc|iPhoneSimulator.ActiveCfg = Release|Any CPU
		{F701E04A-07FC-4817-84B7-15CE83CDE26D}.Ad-Hoc|iPhoneSimulator.Build.0 = Release|Any CPU
		{F701E04A-07FC-4817-84B7-15CE83CDE26D}.Ad-Hoc|iPhoneSimulator.Deploy.0 = Release|Any CPU
		{F701E04A-07FC-4817-84B7-15CE83CDE26D}.Ad-Hoc|x64.ActiveCfg = Release|Any CPU
		{F701E04A-07FC-4817-84B7-15CE83CDE26D}.Ad-Hoc|x64.Build.0 = Release|Any CPU
		{F701E04A-07FC-4817-84B7-15CE83CDE26D}.Ad-Hoc|x64.Deploy.0 = Release|Any CPU
		{F701E04A-07FC-4817-84B7-15CE83CDE26D}.Ad-Hoc|x86.ActiveCfg = Release|Any CPU
		{F701E04A-07FC-4817-84B7-15CE83CDE26D}.Ad-Hoc|x86.Build.0 = Release|Any CPU
		{F701E04A-07FC-4817-84B7-15CE83CDE26D}.Ad-Hoc|x86.Deploy.0 = Release|Any CPU
		{F701E04A-07FC-4817-84B7-15CE83CDE26D}.AppStore|Any CPU.ActiveCfg = Release|Any CPU
		{F701E04A-07FC-4817-84B7-15CE83CDE26D}.AppStore|Any CPU.Build.0 = Release|Any CPU
		{F701E04A-07FC-4817-84B7-15CE83CDE26D}.AppStore|Any CPU.Deploy.0 = Release|Any CPU
		{F701E04A-07FC-4817-84B7-15CE83CDE26D}.AppStore|ARM.ActiveCfg = Release|Any CPU
		{F701E04A-07FC-4817-84B7-15CE83CDE26D}.AppStore|ARM.Build.0 = Release|Any CPU
		{F701E04A-07FC-4817-84B7-15CE83CDE26D}.AppStore|ARM.Deploy.0 = Release|Any CPU
		{F701E04A-07FC-4817-84B7-15CE83CDE26D}.AppStore|iPhone.ActiveCfg = Release|Any CPU
		{F701E04A-07FC-4817-84B7-15CE83CDE26D}.AppStore|iPhone.Build.0 = Release|Any CPU
		{F701E04A-07FC-4817-84B7-15CE83CDE26D}.AppStore|iPhone.Deploy.0 = Release|Any CPU
		{F701E04A-07FC-4817-84B7-15CE83CDE26D}.AppStore|iPhoneSimulator.ActiveCfg = Release|Any CPU
		{F701E04A-07FC-4817-84B7-15CE83CDE26D}.AppStore|iPhoneSimulator.Build.0 = Release|Any CPU
		{F701E04A-07FC-4817-84B7-15CE83CDE26D}.AppStore|iPhoneSimulator.Deploy.0 = Release|Any CPU
		{F701E04A-07FC-4817-84B7-15CE83CDE26D}.AppStore|x64.ActiveCfg = Release|Any CPU
		{F701E04A-07FC-4817-84B7-15CE83CDE26D}.AppStore|x64.Build.0 = Release|Any CPU
		{F701E04A-07FC-4817-84B7-15CE83CDE26D}.AppStore|x64.Deploy.0 = Release|Any CPU
		{F701E04A-07FC-4817-84B7-15CE83CDE26D}.AppStore|x86.ActiveCfg = Release|Any CPU
		{F701E04A-07FC-4817-84B7-15CE83CDE26D}.AppStore|x86.Build.0 = Release|Any CPU
		{F701E04A-07FC-4817-84B7-15CE83CDE26D}.AppStore|x86.Deploy.0 = Release|Any CPU
		{F701E04A-07FC-4817-84B7-15CE83CDE26D}.Debug|Any CPU.ActiveCfg = Debug|Any CPU
		{F701E04A-07FC-4817-84B7-15CE83CDE26D}.Debug|Any CPU.Build.0 = Debug|Any CPU
		{F701E04A-07FC-4817-84B7-15CE83CDE26D}.Debug|Any CPU.Deploy.0 = Debug|Any CPU
		{F701E04A-07FC-4817-84B7-15CE83CDE26D}.Debug|ARM.ActiveCfg = Debug|Any CPU
		{F701E04A-07FC-4817-84B7-15CE83CDE26D}.Debug|ARM.Build.0 = Debug|Any CPU
		{F701E04A-07FC-4817-84B7-15CE83CDE26D}.Debug|ARM.Deploy.0 = Debug|Any CPU
		{F701E04A-07FC-4817-84B7-15CE83CDE26D}.Debug|iPhone.ActiveCfg = Debug|Any CPU
		{F701E04A-07FC-4817-84B7-15CE83CDE26D}.Debug|iPhone.Build.0 = Debug|Any CPU
		{F701E04A-07FC-4817-84B7-15CE83CDE26D}.Debug|iPhone.Deploy.0 = Debug|Any CPU
		{F701E04A-07FC-4817-84B7-15CE83CDE26D}.Debug|iPhoneSimulator.ActiveCfg = Debug|Any CPU
		{F701E04A-07FC-4817-84B7-15CE83CDE26D}.Debug|iPhoneSimulator.Build.0 = Debug|Any CPU
		{F701E04A-07FC-4817-84B7-15CE83CDE26D}.Debug|iPhoneSimulator.Deploy.0 = Debug|Any CPU
		{F701E04A-07FC-4817-84B7-15CE83CDE26D}.Debug|x64.ActiveCfg = Debug|Any CPU
		{F701E04A-07FC-4817-84B7-15CE83CDE26D}.Debug|x64.Build.0 = Debug|Any CPU
		{F701E04A-07FC-4817-84B7-15CE83CDE26D}.Debug|x64.Deploy.0 = Debug|Any CPU
		{F701E04A-07FC-4817-84B7-15CE83CDE26D}.Debug|x86.ActiveCfg = Debug|Any CPU
		{F701E04A-07FC-4817-84B7-15CE83CDE26D}.Debug|x86.Build.0 = Debug|Any CPU
		{F701E04A-07FC-4817-84B7-15CE83CDE26D}.Debug|x86.Deploy.0 = Debug|Any CPU
		{F701E04A-07FC-4817-84B7-15CE83CDE26D}.Release|Any CPU.ActiveCfg = Release|Any CPU
		{F701E04A-07FC-4817-84B7-15CE83CDE26D}.Release|Any CPU.Build.0 = Release|Any CPU
		{F701E04A-07FC-4817-84B7-15CE83CDE26D}.Release|Any CPU.Deploy.0 = Release|Any CPU
		{F701E04A-07FC-4817-84B7-15CE83CDE26D}.Release|ARM.ActiveCfg = Release|Any CPU
		{F701E04A-07FC-4817-84B7-15CE83CDE26D}.Release|ARM.Build.0 = Release|Any CPU
		{F701E04A-07FC-4817-84B7-15CE83CDE26D}.Release|ARM.Deploy.0 = Release|Any CPU
		{F701E04A-07FC-4817-84B7-15CE83CDE26D}.Release|iPhone.ActiveCfg = Release|Any CPU
		{F701E04A-07FC-4817-84B7-15CE83CDE26D}.Release|iPhone.Build.0 = Release|Any CPU
		{F701E04A-07FC-4817-84B7-15CE83CDE26D}.Release|iPhone.Deploy.0 = Release|Any CPU
		{F701E04A-07FC-4817-84B7-15CE83CDE26D}.Release|iPhoneSimulator.ActiveCfg = Release|Any CPU
		{F701E04A-07FC-4817-84B7-15CE83CDE26D}.Release|iPhoneSimulator.Build.0 = Release|Any CPU
		{F701E04A-07FC-4817-84B7-15CE83CDE26D}.Release|iPhoneSimulator.Deploy.0 = Release|Any CPU
		{F701E04A-07FC-4817-84B7-15CE83CDE26D}.Release|x64.ActiveCfg = Release|Any CPU
		{F701E04A-07FC-4817-84B7-15CE83CDE26D}.Release|x64.Build.0 = Release|Any CPU
		{F701E04A-07FC-4817-84B7-15CE83CDE26D}.Release|x64.Deploy.0 = Release|Any CPU
		{F701E04A-07FC-4817-84B7-15CE83CDE26D}.Release|x86.ActiveCfg = Release|Any CPU
		{F701E04A-07FC-4817-84B7-15CE83CDE26D}.Release|x86.Build.0 = Release|Any CPU
		{F701E04A-07FC-4817-84B7-15CE83CDE26D}.Release|x86.Deploy.0 = Release|Any CPU
		{CD1B727F-5664-48B1-95F1-5419345BFF9C}.Ad-Hoc|Any CPU.ActiveCfg = Ad-Hoc|iPhone
		{CD1B727F-5664-48B1-95F1-5419345BFF9C}.Ad-Hoc|Any CPU.Build.0 = Ad-Hoc|iPhone
		{CD1B727F-5664-48B1-95F1-5419345BFF9C}.Ad-Hoc|Any CPU.Deploy.0 = Ad-Hoc|iPhone
		{CD1B727F-5664-48B1-95F1-5419345BFF9C}.Ad-Hoc|ARM.ActiveCfg = Ad-Hoc|iPhone
		{CD1B727F-5664-48B1-95F1-5419345BFF9C}.Ad-Hoc|ARM.Build.0 = Ad-Hoc|iPhone
		{CD1B727F-5664-48B1-95F1-5419345BFF9C}.Ad-Hoc|ARM.Deploy.0 = Ad-Hoc|iPhone
		{CD1B727F-5664-48B1-95F1-5419345BFF9C}.Ad-Hoc|iPhone.ActiveCfg = Ad-Hoc|iPhone
		{CD1B727F-5664-48B1-95F1-5419345BFF9C}.Ad-Hoc|iPhone.Build.0 = Ad-Hoc|iPhone
		{CD1B727F-5664-48B1-95F1-5419345BFF9C}.Ad-Hoc|iPhone.Deploy.0 = Ad-Hoc|iPhone
		{CD1B727F-5664-48B1-95F1-5419345BFF9C}.Ad-Hoc|iPhoneSimulator.ActiveCfg = Ad-Hoc|iPhoneSimulator
		{CD1B727F-5664-48B1-95F1-5419345BFF9C}.Ad-Hoc|iPhoneSimulator.Build.0 = Ad-Hoc|iPhoneSimulator
		{CD1B727F-5664-48B1-95F1-5419345BFF9C}.Ad-Hoc|iPhoneSimulator.Deploy.0 = Ad-Hoc|iPhoneSimulator
		{CD1B727F-5664-48B1-95F1-5419345BFF9C}.Ad-Hoc|x64.ActiveCfg = Ad-Hoc|iPhone
		{CD1B727F-5664-48B1-95F1-5419345BFF9C}.Ad-Hoc|x64.Build.0 = Ad-Hoc|iPhone
		{CD1B727F-5664-48B1-95F1-5419345BFF9C}.Ad-Hoc|x64.Deploy.0 = Ad-Hoc|iPhone
		{CD1B727F-5664-48B1-95F1-5419345BFF9C}.Ad-Hoc|x86.ActiveCfg = Ad-Hoc|iPhone
		{CD1B727F-5664-48B1-95F1-5419345BFF9C}.Ad-Hoc|x86.Build.0 = Ad-Hoc|iPhone
		{CD1B727F-5664-48B1-95F1-5419345BFF9C}.Ad-Hoc|x86.Deploy.0 = Ad-Hoc|iPhone
		{CD1B727F-5664-48B1-95F1-5419345BFF9C}.AppStore|Any CPU.ActiveCfg = AppStore|iPhone
		{CD1B727F-5664-48B1-95F1-5419345BFF9C}.AppStore|Any CPU.Build.0 = AppStore|iPhone
		{CD1B727F-5664-48B1-95F1-5419345BFF9C}.AppStore|Any CPU.Deploy.0 = AppStore|iPhone
		{CD1B727F-5664-48B1-95F1-5419345BFF9C}.AppStore|ARM.ActiveCfg = AppStore|iPhone
		{CD1B727F-5664-48B1-95F1-5419345BFF9C}.AppStore|ARM.Build.0 = AppStore|iPhone
		{CD1B727F-5664-48B1-95F1-5419345BFF9C}.AppStore|ARM.Deploy.0 = AppStore|iPhone
		{CD1B727F-5664-48B1-95F1-5419345BFF9C}.AppStore|iPhone.ActiveCfg = AppStore|iPhone
		{CD1B727F-5664-48B1-95F1-5419345BFF9C}.AppStore|iPhone.Build.0 = AppStore|iPhone
		{CD1B727F-5664-48B1-95F1-5419345BFF9C}.AppStore|iPhone.Deploy.0 = AppStore|iPhone
		{CD1B727F-5664-48B1-95F1-5419345BFF9C}.AppStore|iPhoneSimulator.ActiveCfg = AppStore|iPhoneSimulator
		{CD1B727F-5664-48B1-95F1-5419345BFF9C}.AppStore|iPhoneSimulator.Build.0 = AppStore|iPhoneSimulator
		{CD1B727F-5664-48B1-95F1-5419345BFF9C}.AppStore|iPhoneSimulator.Deploy.0 = AppStore|iPhoneSimulator
		{CD1B727F-5664-48B1-95F1-5419345BFF9C}.AppStore|x64.ActiveCfg = AppStore|iPhone
		{CD1B727F-5664-48B1-95F1-5419345BFF9C}.AppStore|x64.Build.0 = AppStore|iPhone
		{CD1B727F-5664-48B1-95F1-5419345BFF9C}.AppStore|x64.Deploy.0 = AppStore|iPhone
		{CD1B727F-5664-48B1-95F1-5419345BFF9C}.AppStore|x86.ActiveCfg = AppStore|iPhone
		{CD1B727F-5664-48B1-95F1-5419345BFF9C}.AppStore|x86.Build.0 = AppStore|iPhone
		{CD1B727F-5664-48B1-95F1-5419345BFF9C}.AppStore|x86.Deploy.0 = AppStore|iPhone
		{CD1B727F-5664-48B1-95F1-5419345BFF9C}.Debug|Any CPU.ActiveCfg = Debug|iPhoneSimulator
		{CD1B727F-5664-48B1-95F1-5419345BFF9C}.Debug|Any CPU.Build.0 = Debug|iPhoneSimulator
		{CD1B727F-5664-48B1-95F1-5419345BFF9C}.Debug|Any CPU.Deploy.0 = Debug|iPhoneSimulator
		{CD1B727F-5664-48B1-95F1-5419345BFF9C}.Debug|ARM.ActiveCfg = Debug|iPhone
		{CD1B727F-5664-48B1-95F1-5419345BFF9C}.Debug|ARM.Build.0 = Debug|iPhone
		{CD1B727F-5664-48B1-95F1-5419345BFF9C}.Debug|ARM.Deploy.0 = Debug|iPhone
		{CD1B727F-5664-48B1-95F1-5419345BFF9C}.Debug|iPhone.ActiveCfg = Debug|iPhone
		{CD1B727F-5664-48B1-95F1-5419345BFF9C}.Debug|iPhone.Build.0 = Debug|iPhone
		{CD1B727F-5664-48B1-95F1-5419345BFF9C}.Debug|iPhone.Deploy.0 = Debug|iPhone
		{CD1B727F-5664-48B1-95F1-5419345BFF9C}.Debug|iPhoneSimulator.ActiveCfg = Debug|iPhoneSimulator
		{CD1B727F-5664-48B1-95F1-5419345BFF9C}.Debug|iPhoneSimulator.Build.0 = Debug|iPhoneSimulator
		{CD1B727F-5664-48B1-95F1-5419345BFF9C}.Debug|iPhoneSimulator.Deploy.0 = Debug|iPhoneSimulator
		{CD1B727F-5664-48B1-95F1-5419345BFF9C}.Debug|x64.ActiveCfg = Debug|iPhone
		{CD1B727F-5664-48B1-95F1-5419345BFF9C}.Debug|x64.Build.0 = Debug|iPhone
		{CD1B727F-5664-48B1-95F1-5419345BFF9C}.Debug|x64.Deploy.0 = Debug|iPhone
		{CD1B727F-5664-48B1-95F1-5419345BFF9C}.Debug|x86.ActiveCfg = Debug|iPhone
		{CD1B727F-5664-48B1-95F1-5419345BFF9C}.Debug|x86.Build.0 = Debug|iPhone
		{CD1B727F-5664-48B1-95F1-5419345BFF9C}.Debug|x86.Deploy.0 = Debug|iPhone
		{CD1B727F-5664-48B1-95F1-5419345BFF9C}.Release|Any CPU.ActiveCfg = Release|iPhone
		{CD1B727F-5664-48B1-95F1-5419345BFF9C}.Release|Any CPU.Build.0 = Release|iPhone
		{CD1B727F-5664-48B1-95F1-5419345BFF9C}.Release|Any CPU.Deploy.0 = Release|iPhone
		{CD1B727F-5664-48B1-95F1-5419345BFF9C}.Release|ARM.ActiveCfg = Release|iPhone
		{CD1B727F-5664-48B1-95F1-5419345BFF9C}.Release|ARM.Build.0 = Release|iPhone
		{CD1B727F-5664-48B1-95F1-5419345BFF9C}.Release|ARM.Deploy.0 = Release|iPhone
		{CD1B727F-5664-48B1-95F1-5419345BFF9C}.Release|iPhone.ActiveCfg = Release|iPhone
		{CD1B727F-5664-48B1-95F1-5419345BFF9C}.Release|iPhone.Build.0 = Release|iPhone
		{CD1B727F-5664-48B1-95F1-5419345BFF9C}.Release|iPhone.Deploy.0 = Release|iPhone
		{CD1B727F-5664-48B1-95F1-5419345BFF9C}.Release|iPhoneSimulator.ActiveCfg = Release|iPhoneSimulator
		{CD1B727F-5664-48B1-95F1-5419345BFF9C}.Release|iPhoneSimulator.Build.0 = Release|iPhoneSimulator
		{CD1B727F-5664-48B1-95F1-5419345BFF9C}.Release|iPhoneSimulator.Deploy.0 = Release|iPhoneSimulator
		{CD1B727F-5664-48B1-95F1-5419345BFF9C}.Release|x64.ActiveCfg = Release|iPhone
		{CD1B727F-5664-48B1-95F1-5419345BFF9C}.Release|x64.Build.0 = Release|iPhone
		{CD1B727F-5664-48B1-95F1-5419345BFF9C}.Release|x64.Deploy.0 = Release|iPhone
		{CD1B727F-5664-48B1-95F1-5419345BFF9C}.Release|x86.ActiveCfg = Release|iPhone
		{CD1B727F-5664-48B1-95F1-5419345BFF9C}.Release|x86.Build.0 = Release|iPhone
		{CD1B727F-5664-48B1-95F1-5419345BFF9C}.Release|x86.Deploy.0 = Release|iPhone
		{8B65F5C2-28D6-4027-9806-2AF2A529D3F5}.Ad-Hoc|Any CPU.ActiveCfg = Release|x86
		{8B65F5C2-28D6-4027-9806-2AF2A529D3F5}.Ad-Hoc|Any CPU.Build.0 = Release|x86
		{8B65F5C2-28D6-4027-9806-2AF2A529D3F5}.Ad-Hoc|Any CPU.Deploy.0 = Release|x86
		{8B65F5C2-28D6-4027-9806-2AF2A529D3F5}.Ad-Hoc|ARM.ActiveCfg = Release|ARM
		{8B65F5C2-28D6-4027-9806-2AF2A529D3F5}.Ad-Hoc|ARM.Build.0 = Release|ARM
		{8B65F5C2-28D6-4027-9806-2AF2A529D3F5}.Ad-Hoc|ARM.Deploy.0 = Release|ARM
		{8B65F5C2-28D6-4027-9806-2AF2A529D3F5}.Ad-Hoc|iPhone.ActiveCfg = Release|x86
		{8B65F5C2-28D6-4027-9806-2AF2A529D3F5}.Ad-Hoc|iPhone.Build.0 = Release|x86
		{8B65F5C2-28D6-4027-9806-2AF2A529D3F5}.Ad-Hoc|iPhone.Deploy.0 = Release|x86
		{8B65F5C2-28D6-4027-9806-2AF2A529D3F5}.Ad-Hoc|iPhoneSimulator.ActiveCfg = Release|x86
		{8B65F5C2-28D6-4027-9806-2AF2A529D3F5}.Ad-Hoc|iPhoneSimulator.Build.0 = Release|x86
		{8B65F5C2-28D6-4027-9806-2AF2A529D3F5}.Ad-Hoc|iPhoneSimulator.Deploy.0 = Release|x86
		{8B65F5C2-28D6-4027-9806-2AF2A529D3F5}.Ad-Hoc|x64.ActiveCfg = Release|x64
		{8B65F5C2-28D6-4027-9806-2AF2A529D3F5}.Ad-Hoc|x64.Build.0 = Release|x64
		{8B65F5C2-28D6-4027-9806-2AF2A529D3F5}.Ad-Hoc|x64.Deploy.0 = Release|x64
		{8B65F5C2-28D6-4027-9806-2AF2A529D3F5}.Ad-Hoc|x86.ActiveCfg = Release|x86
		{8B65F5C2-28D6-4027-9806-2AF2A529D3F5}.Ad-Hoc|x86.Build.0 = Release|x86
		{8B65F5C2-28D6-4027-9806-2AF2A529D3F5}.Ad-Hoc|x86.Deploy.0 = Release|x86
		{8B65F5C2-28D6-4027-9806-2AF2A529D3F5}.AppStore|Any CPU.ActiveCfg = Release|x86
		{8B65F5C2-28D6-4027-9806-2AF2A529D3F5}.AppStore|Any CPU.Build.0 = Release|x86
		{8B65F5C2-28D6-4027-9806-2AF2A529D3F5}.AppStore|Any CPU.Deploy.0 = Release|x86
		{8B65F5C2-28D6-4027-9806-2AF2A529D3F5}.AppStore|ARM.ActiveCfg = Release|ARM
		{8B65F5C2-28D6-4027-9806-2AF2A529D3F5}.AppStore|ARM.Build.0 = Release|ARM
		{8B65F5C2-28D6-4027-9806-2AF2A529D3F5}.AppStore|ARM.Deploy.0 = Release|ARM
		{8B65F5C2-28D6-4027-9806-2AF2A529D3F5}.AppStore|iPhone.ActiveCfg = Release|x86
		{8B65F5C2-28D6-4027-9806-2AF2A529D3F5}.AppStore|iPhone.Build.0 = Release|x86
		{8B65F5C2-28D6-4027-9806-2AF2A529D3F5}.AppStore|iPhone.Deploy.0 = Release|x86
		{8B65F5C2-28D6-4027-9806-2AF2A529D3F5}.AppStore|iPhoneSimulator.ActiveCfg = Release|x86
		{8B65F5C2-28D6-4027-9806-2AF2A529D3F5}.AppStore|iPhoneSimulator.Build.0 = Release|x86
		{8B65F5C2-28D6-4027-9806-2AF2A529D3F5}.AppStore|iPhoneSimulator.Deploy.0 = Release|x86
		{8B65F5C2-28D6-4027-9806-2AF2A529D3F5}.AppStore|x64.ActiveCfg = Release|x64
		{8B65F5C2-28D6-4027-9806-2AF2A529D3F5}.AppStore|x64.Build.0 = Release|x64
		{8B65F5C2-28D6-4027-9806-2AF2A529D3F5}.AppStore|x64.Deploy.0 = Release|x64
		{8B65F5C2-28D6-4027-9806-2AF2A529D3F5}.AppStore|x86.ActiveCfg = Release|x86
		{8B65F5C2-28D6-4027-9806-2AF2A529D3F5}.AppStore|x86.Build.0 = Release|x86
		{8B65F5C2-28D6-4027-9806-2AF2A529D3F5}.AppStore|x86.Deploy.0 = Release|x86
		{8B65F5C2-28D6-4027-9806-2AF2A529D3F5}.Debug|Any CPU.ActiveCfg = Debug|x86
		{8B65F5C2-28D6-4027-9806-2AF2A529D3F5}.Debug|Any CPU.Build.0 = Debug|x86
		{8B65F5C2-28D6-4027-9806-2AF2A529D3F5}.Debug|Any CPU.Deploy.0 = Debug|x86
		{8B65F5C2-28D6-4027-9806-2AF2A529D3F5}.Debug|ARM.ActiveCfg = Debug|ARM
		{8B65F5C2-28D6-4027-9806-2AF2A529D3F5}.Debug|ARM.Build.0 = Debug|ARM
		{8B65F5C2-28D6-4027-9806-2AF2A529D3F5}.Debug|ARM.Deploy.0 = Debug|ARM
		{8B65F5C2-28D6-4027-9806-2AF2A529D3F5}.Debug|iPhone.ActiveCfg = Debug|x86
		{8B65F5C2-28D6-4027-9806-2AF2A529D3F5}.Debug|iPhone.Build.0 = Debug|x86
		{8B65F5C2-28D6-4027-9806-2AF2A529D3F5}.Debug|iPhone.Deploy.0 = Debug|x86
		{8B65F5C2-28D6-4027-9806-2AF2A529D3F5}.Debug|iPhoneSimulator.ActiveCfg = Debug|x86
		{8B65F5C2-28D6-4027-9806-2AF2A529D3F5}.Debug|iPhoneSimulator.Build.0 = Debug|x86
		{8B65F5C2-28D6-4027-9806-2AF2A529D3F5}.Debug|iPhoneSimulator.Deploy.0 = Debug|x86
		{8B65F5C2-28D6-4027-9806-2AF2A529D3F5}.Debug|x64.ActiveCfg = Debug|x64
		{8B65F5C2-28D6-4027-9806-2AF2A529D3F5}.Debug|x64.Build.0 = Debug|x64
		{8B65F5C2-28D6-4027-9806-2AF2A529D3F5}.Debug|x64.Deploy.0 = Debug|x64
		{8B65F5C2-28D6-4027-9806-2AF2A529D3F5}.Debug|x86.ActiveCfg = Debug|x86
		{8B65F5C2-28D6-4027-9806-2AF2A529D3F5}.Debug|x86.Build.0 = Debug|x86
		{8B65F5C2-28D6-4027-9806-2AF2A529D3F5}.Debug|x86.Deploy.0 = Debug|x86
		{8B65F5C2-28D6-4027-9806-2AF2A529D3F5}.Release|Any CPU.ActiveCfg = Release|x86
		{8B65F5C2-28D6-4027-9806-2AF2A529D3F5}.Release|Any CPU.Build.0 = Release|x86
		{8B65F5C2-28D6-4027-9806-2AF2A529D3F5}.Release|Any CPU.Deploy.0 = Release|x86
		{8B65F5C2-28D6-4027-9806-2AF2A529D3F5}.Release|ARM.ActiveCfg = Release|ARM
		{8B65F5C2-28D6-4027-9806-2AF2A529D3F5}.Release|ARM.Build.0 = Release|ARM
		{8B65F5C2-28D6-4027-9806-2AF2A529D3F5}.Release|ARM.Deploy.0 = Release|ARM
		{8B65F5C2-28D6-4027-9806-2AF2A529D3F5}.Release|iPhone.ActiveCfg = Release|x86
		{8B65F5C2-28D6-4027-9806-2AF2A529D3F5}.Release|iPhone.Build.0 = Release|x86
		{8B65F5C2-28D6-4027-9806-2AF2A529D3F5}.Release|iPhone.Deploy.0 = Release|x86
		{8B65F5C2-28D6-4027-9806-2AF2A529D3F5}.Release|iPhoneSimulator.ActiveCfg = Release|x86
		{8B65F5C2-28D6-4027-9806-2AF2A529D3F5}.Release|iPhoneSimulator.Build.0 = Release|x86
		{8B65F5C2-28D6-4027-9806-2AF2A529D3F5}.Release|iPhoneSimulator.Deploy.0 = Release|x86
		{8B65F5C2-28D6-4027-9806-2AF2A529D3F5}.Release|x64.ActiveCfg = Release|x64
		{8B65F5C2-28D6-4027-9806-2AF2A529D3F5}.Release|x64.Build.0 = Release|x64
		{8B65F5C2-28D6-4027-9806-2AF2A529D3F5}.Release|x64.Deploy.0 = Release|x64
		{8B65F5C2-28D6-4027-9806-2AF2A529D3F5}.Release|x86.ActiveCfg = Release|x86
		{8B65F5C2-28D6-4027-9806-2AF2A529D3F5}.Release|x86.Build.0 = Release|x86
		{8B65F5C2-28D6-4027-9806-2AF2A529D3F5}.Release|x86.Deploy.0 = Release|x86
		{76A9C97E-3792-40B5-9744-E76B46EB4803}.Ad-Hoc|Any CPU.ActiveCfg = Debug|Any CPU
		{76A9C97E-3792-40B5-9744-E76B46EB4803}.Ad-Hoc|Any CPU.Build.0 = Debug|Any CPU
		{76A9C97E-3792-40B5-9744-E76B46EB4803}.Ad-Hoc|Any CPU.Deploy.0 = Debug|Any CPU
		{76A9C97E-3792-40B5-9744-E76B46EB4803}.Ad-Hoc|ARM.ActiveCfg = Debug|Any CPU
		{76A9C97E-3792-40B5-9744-E76B46EB4803}.Ad-Hoc|ARM.Build.0 = Debug|Any CPU
		{76A9C97E-3792-40B5-9744-E76B46EB4803}.Ad-Hoc|ARM.Deploy.0 = Debug|Any CPU
		{76A9C97E-3792-40B5-9744-E76B46EB4803}.Ad-Hoc|iPhone.ActiveCfg = Debug|Any CPU
		{76A9C97E-3792-40B5-9744-E76B46EB4803}.Ad-Hoc|iPhone.Build.0 = Debug|Any CPU
		{76A9C97E-3792-40B5-9744-E76B46EB4803}.Ad-Hoc|iPhone.Deploy.0 = Debug|Any CPU
		{76A9C97E-3792-40B5-9744-E76B46EB4803}.Ad-Hoc|iPhoneSimulator.ActiveCfg = Debug|Any CPU
		{76A9C97E-3792-40B5-9744-E76B46EB4803}.Ad-Hoc|iPhoneSimulator.Build.0 = Debug|Any CPU
		{76A9C97E-3792-40B5-9744-E76B46EB4803}.Ad-Hoc|iPhoneSimulator.Deploy.0 = Debug|Any CPU
		{76A9C97E-3792-40B5-9744-E76B46EB4803}.Ad-Hoc|x64.ActiveCfg = Debug|Any CPU
		{76A9C97E-3792-40B5-9744-E76B46EB4803}.Ad-Hoc|x64.Build.0 = Debug|Any CPU
		{76A9C97E-3792-40B5-9744-E76B46EB4803}.Ad-Hoc|x64.Deploy.0 = Debug|Any CPU
		{76A9C97E-3792-40B5-9744-E76B46EB4803}.Ad-Hoc|x86.ActiveCfg = Debug|Any CPU
		{76A9C97E-3792-40B5-9744-E76B46EB4803}.Ad-Hoc|x86.Build.0 = Debug|Any CPU
		{76A9C97E-3792-40B5-9744-E76B46EB4803}.Ad-Hoc|x86.Deploy.0 = Debug|Any CPU
		{76A9C97E-3792-40B5-9744-E76B46EB4803}.AppStore|Any CPU.ActiveCfg = Debug|Any CPU
		{76A9C97E-3792-40B5-9744-E76B46EB4803}.AppStore|Any CPU.Build.0 = Debug|Any CPU
		{76A9C97E-3792-40B5-9744-E76B46EB4803}.AppStore|Any CPU.Deploy.0 = Debug|Any CPU
		{76A9C97E-3792-40B5-9744-E76B46EB4803}.AppStore|ARM.ActiveCfg = Debug|Any CPU
		{76A9C97E-3792-40B5-9744-E76B46EB4803}.AppStore|ARM.Build.0 = Debug|Any CPU
		{76A9C97E-3792-40B5-9744-E76B46EB4803}.AppStore|ARM.Deploy.0 = Debug|Any CPU
		{76A9C97E-3792-40B5-9744-E76B46EB4803}.AppStore|iPhone.ActiveCfg = Debug|Any CPU
		{76A9C97E-3792-40B5-9744-E76B46EB4803}.AppStore|iPhone.Build.0 = Debug|Any CPU
		{76A9C97E-3792-40B5-9744-E76B46EB4803}.AppStore|iPhone.Deploy.0 = Debug|Any CPU
		{76A9C97E-3792-40B5-9744-E76B46EB4803}.AppStore|iPhoneSimulator.ActiveCfg = Debug|Any CPU
		{76A9C97E-3792-40B5-9744-E76B46EB4803}.AppStore|iPhoneSimulator.Build.0 = Debug|Any CPU
		{76A9C97E-3792-40B5-9744-E76B46EB4803}.AppStore|iPhoneSimulator.Deploy.0 = Debug|Any CPU
		{76A9C97E-3792-40B5-9744-E76B46EB4803}.AppStore|x64.ActiveCfg = Debug|Any CPU
		{76A9C97E-3792-40B5-9744-E76B46EB4803}.AppStore|x64.Build.0 = Debug|Any CPU
		{76A9C97E-3792-40B5-9744-E76B46EB4803}.AppStore|x64.Deploy.0 = Debug|Any CPU
		{76A9C97E-3792-40B5-9744-E76B46EB4803}.AppStore|x86.ActiveCfg = Debug|Any CPU
		{76A9C97E-3792-40B5-9744-E76B46EB4803}.AppStore|x86.Build.0 = Debug|Any CPU
		{76A9C97E-3792-40B5-9744-E76B46EB4803}.AppStore|x86.Deploy.0 = Debug|Any CPU
		{76A9C97E-3792-40B5-9744-E76B46EB4803}.Debug|Any CPU.ActiveCfg = Debug|Any CPU
		{76A9C97E-3792-40B5-9744-E76B46EB4803}.Debug|Any CPU.Build.0 = Debug|Any CPU
		{76A9C97E-3792-40B5-9744-E76B46EB4803}.Debug|Any CPU.Deploy.0 = Debug|Any CPU
		{76A9C97E-3792-40B5-9744-E76B46EB4803}.Debug|ARM.ActiveCfg = Debug|Any CPU
		{76A9C97E-3792-40B5-9744-E76B46EB4803}.Debug|ARM.Build.0 = Debug|Any CPU
		{76A9C97E-3792-40B5-9744-E76B46EB4803}.Debug|ARM.Deploy.0 = Debug|Any CPU
		{76A9C97E-3792-40B5-9744-E76B46EB4803}.Debug|iPhone.ActiveCfg = Debug|Any CPU
		{76A9C97E-3792-40B5-9744-E76B46EB4803}.Debug|iPhone.Build.0 = Debug|Any CPU
		{76A9C97E-3792-40B5-9744-E76B46EB4803}.Debug|iPhone.Deploy.0 = Debug|Any CPU
		{76A9C97E-3792-40B5-9744-E76B46EB4803}.Debug|iPhoneSimulator.ActiveCfg = Debug|Any CPU
		{76A9C97E-3792-40B5-9744-E76B46EB4803}.Debug|iPhoneSimulator.Build.0 = Debug|Any CPU
		{76A9C97E-3792-40B5-9744-E76B46EB4803}.Debug|iPhoneSimulator.Deploy.0 = Debug|Any CPU
		{76A9C97E-3792-40B5-9744-E76B46EB4803}.Debug|x64.ActiveCfg = Debug|Any CPU
		{76A9C97E-3792-40B5-9744-E76B46EB4803}.Debug|x64.Build.0 = Debug|Any CPU
		{76A9C97E-3792-40B5-9744-E76B46EB4803}.Debug|x64.Deploy.0 = Debug|Any CPU
		{76A9C97E-3792-40B5-9744-E76B46EB4803}.Debug|x86.ActiveCfg = Debug|Any CPU
		{76A9C97E-3792-40B5-9744-E76B46EB4803}.Debug|x86.Build.0 = Debug|Any CPU
		{76A9C97E-3792-40B5-9744-E76B46EB4803}.Debug|x86.Deploy.0 = Debug|Any CPU
		{76A9C97E-3792-40B5-9744-E76B46EB4803}.Release|Any CPU.ActiveCfg = Release|Any CPU
		{76A9C97E-3792-40B5-9744-E76B46EB4803}.Release|Any CPU.Build.0 = Release|Any CPU
		{76A9C97E-3792-40B5-9744-E76B46EB4803}.Release|Any CPU.Deploy.0 = Release|Any CPU
		{76A9C97E-3792-40B5-9744-E76B46EB4803}.Release|ARM.ActiveCfg = Release|Any CPU
		{76A9C97E-3792-40B5-9744-E76B46EB4803}.Release|ARM.Build.0 = Release|Any CPU
		{76A9C97E-3792-40B5-9744-E76B46EB4803}.Release|ARM.Deploy.0 = Release|Any CPU
		{76A9C97E-3792-40B5-9744-E76B46EB4803}.Release|iPhone.ActiveCfg = Release|Any CPU
		{76A9C97E-3792-40B5-9744-E76B46EB4803}.Release|iPhone.Build.0 = Release|Any CPU
		{76A9C97E-3792-40B5-9744-E76B46EB4803}.Release|iPhone.Deploy.0 = Release|Any CPU
		{76A9C97E-3792-40B5-9744-E76B46EB4803}.Release|iPhoneSimulator.ActiveCfg = Release|Any CPU
		{76A9C97E-3792-40B5-9744-E76B46EB4803}.Release|iPhoneSimulator.Build.0 = Release|Any CPU
		{76A9C97E-3792-40B5-9744-E76B46EB4803}.Release|iPhoneSimulator.Deploy.0 = Release|Any CPU
		{76A9C97E-3792-40B5-9744-E76B46EB4803}.Release|x64.ActiveCfg = Release|Any CPU
		{76A9C97E-3792-40B5-9744-E76B46EB4803}.Release|x64.Build.0 = Release|Any CPU
		{76A9C97E-3792-40B5-9744-E76B46EB4803}.Release|x64.Deploy.0 = Release|Any CPU
		{76A9C97E-3792-40B5-9744-E76B46EB4803}.Release|x86.ActiveCfg = Release|Any CPU
		{76A9C97E-3792-40B5-9744-E76B46EB4803}.Release|x86.Build.0 = Release|Any CPU
		{76A9C97E-3792-40B5-9744-E76B46EB4803}.Release|x86.Deploy.0 = Release|Any CPU
	EndGlobalSection
	GlobalSection(SolutionProperties) = preSolution
		HideSolutionNode = FALSE
	EndGlobalSection
	GlobalSection(ExtensibilityGlobals) = postSolution
		SolutionGuid = {F5450C5D-2B91-4763-AB80-D9FF6F813511}
	EndGlobalSection
EndGlobal
